
Microsoft Visual Studio Solution File, Format Version 12.00
# Visual Studio 2013
VisualStudioVersion = 12.0.40629.0
MinimumVisualStudioVersion = 10.0.40219.1
Project("{FAE04EC0-301F-11D3-BF4B-00C04F79EFBC}") = "HospitalManagement", "HospitalManagement\HospitalManagement.csproj", "{B586C587-1D0B-4857-8FFB-9FB7B8E49CFD}"
EndProject
Global
	GlobalSection(SolutionConfigurationPlatforms) = preSolution
		Debug|Any CPU = Debug|Any CPU
		Release|Any CPU = Release|Any CPU
	EndGlobalSection
	GlobalSection(ProjectConfigurationPlatforms) = postSolution
		{B586C587-1D0B-4857-8FFB-9FB7B8E49CFD}.Debug|Any CPU.ActiveCfg = Debug|Any CPU
		{B586C587-1D0B-4857-8FFB-9FB7B8E49CFD}.Debug|Any CPU.Build.0 = Debug|Any CPU
		{B586C587-1D0B-4857-8FFB-9FB7B8E49CFD}.Release|Any CPU.ActiveCfg = Release|Any CPU
		{B586C587-1D0B-4857-8FFB-9FB7B8E49CFD}.Release|Any CPU.Build.0 = Release|Any CPU
	EndGlobalSection
	GlobalSection(SolutionProperties) = preSolution
		HideSolutionNode = FALSE
	EndGlobalSection
EndGlobal
